
Microsoft Visual Studio Solution File, Format Version 12.00
# Visual Studio Version 17
VisualStudioVersion = 17.2.32616.157
MinimumVisualStudioVersion = 10.0.40219.1
Project("{FAE04EC0-301F-11D3-BF4B-00C04F79EFBC}") = "SeleniumAutomationFramework", "SeleniumAutomationFramework\SeleniumAutomationFramework.csproj", "{CEB91316-AFEF-4364-9049-C48F56C6A1EF}"
EndProject
Global
	GlobalSection(SolutionConfigurationPlatforms) = preSolution
		Debug|Any CPU = Debug|Any CPU
		Release|Any CPU = Release|Any CPU
	EndGlobalSection
	GlobalSection(ProjectConfigurationPlatforms) = postSolution
		{CEB91316-AFEF-4364-9049-C48F56C6A1EF}.Debug|Any CPU.ActiveCfg = Debug|Any CPU
		{CEB91316-AFEF-4364-9049-C48F56C6A1EF}.Debug|Any CPU.Build.0 = Debug|Any CPU
		{CEB91316-AFEF-4364-9049-C48F56C6A1EF}.Release|Any CPU.ActiveCfg = Release|Any CPU
		{CEB91316-AFEF-4364-9049-C48F56C6A1EF}.Release|Any CPU.Build.0 = Release|Any CPU
	EndGlobalSection
	GlobalSection(SolutionProperties) = preSolution
		HideSolutionNode = FALSE
	EndGlobalSection
	GlobalSection(ExtensibilityGlobals) = postSolution
		SolutionGuid = {D8AE0D41-E522-46D3-A99B-CE34431124B8}
	EndGlobalSection
EndGlobal
